
Microsoft Visual Studio Solution File, Format Version 12.00
# Visual Studio Version 16
VisualStudioVersion = 16.0.34031.81
MinimumVisualStudioVersion = 10.0.40219.1
Project("{FAE04EC0-301F-11D3-BF4B-00C04F79EFBC}") = "Ivanoav_Glazki", "Ivanoav_Glazki\Ivanoav_Glazki.csproj", "{EF261F00-AC24-40F2-883D-27C96D58C3CF}"
EndProject
Global
	GlobalSection(SolutionConfigurationPlatforms) = preSolution
		Debug|Any CPU = Debug|Any CPU
		Release|Any CPU = Release|Any CPU
	EndGlobalSection
	GlobalSection(ProjectConfigurationPlatforms) = postSolution
		{EF261F00-AC24-40F2-883D-27C96D58C3CF}.Debug|Any CPU.ActiveCfg = Debug|Any CPU
		{EF261F00-AC24-40F2-883D-27C96D58C3CF}.Debug|Any CPU.Build.0 = Debug|Any CPU
		{EF261F00-AC24-40F2-883D-27C96D58C3CF}.Release|Any CPU.ActiveCfg = Release|Any CPU
		{EF261F00-AC24-40F2-883D-27C96D58C3CF}.Release|Any CPU.Build.0 = Release|Any CPU
	EndGlobalSection
	GlobalSection(SolutionProperties) = preSolution
		HideSolutionNode = FALSE
	EndGlobalSection
	GlobalSection(ExtensibilityGlobals) = postSolution
		SolutionGuid = {CEEA4F20-6913-4420-9E68-5527F645BDC0}
	EndGlobalSection
EndGlobal
